
Microsoft Visual Studio Solution File, Format Version 12.00
# Visual Studio Version 17
VisualStudioVersion = 17.10.35013.160
MinimumVisualStudioVersion = 10.0.40219.1
Project("{8BC9CEB8-8B4A-11D0-8D11-00A0C91BC942}") = "SkillBoxTask19", "SkillBoxTask19.vcxproj", "{E7E0E682-0C49-48E9-9662-B24CC483FABF}"
EndProject
Global
	GlobalSection(SolutionConfigurationPlatforms) = preSolution
		Debug|x64 = Debug|x64
		Debug|x86 = Debug|x86
		Release|x64 = Release|x64
		Release|x86 = Release|x86
	EndGlobalSection
	GlobalSection(ProjectConfigurationPlatforms) = postSolution
		{E7E0E682-0C49-48E9-9662-B24CC483FABF}.Debug|x64.ActiveCfg = Debug|x64
		{E7E0E682-0C49-48E9-9662-B24CC483FABF}.Debug|x64.Build.0 = Debug|x64
		{E7E0E682-0C49-48E9-9662-B24CC483FABF}.Debug|x86.ActiveCfg = Debug|Win32
		{E7E0E682-0C49-48E9-9662-B24CC483FABF}.Debug|x86.Build.0 = Debug|Win32
		{E7E0E682-0C49-48E9-9662-B24CC483FABF}.Release|x64.ActiveCfg = Release|x64
		{E7E0E682-0C49-48E9-9662-B24CC483FABF}.Release|x64.Build.0 = Release|x64
		{E7E0E682-0C49-48E9-9662-B24CC483FABF}.Release|x86.ActiveCfg = Release|Win32
		{E7E0E682-0C49-48E9-9662-B24CC483FABF}.Release|x86.Build.0 = Release|Win32
	EndGlobalSection
	GlobalSection(SolutionProperties) = preSolution
		HideSolutionNode = FALSE
	EndGlobalSection
	GlobalSection(ExtensibilityGlobals) = postSolution
		SolutionGuid = {E66AD51D-BA1C-41C1-B06F-8C02FE005D2A}
	EndGlobalSection
EndGlobal
